// !$*UTF8*$!
{
	archiveVersion = 1;
	classes = {
	};
	objectVersion = 50;
	objects = {

/* Begin PBXBuildFile section */
		979BC963256292450034A27F /* AppDelegate.swift in Sources */ = {isa = PBXBuildFile; fileRef = 979BC962256292450034A27F /* AppDelegate.swift */; };
		979BC965256292450034A27F /* SceneDelegate.swift in Sources */ = {isa = PBXBuildFile; fileRef = 979BC964256292450034A27F /* SceneDelegate.swift */; };
		979BC967256292450034A27F /* ViewController.swift in Sources */ = {isa = PBXBuildFile; fileRef = 979BC966256292450034A27F /* ViewController.swift */; };
		979BC96A256292450034A27F /* Main.storyboard in Resources */ = {isa = PBXBuildFile; fileRef = 979BC968256292450034A27F /* Main.storyboard */; };
		979BC96C256292460034A27F /* Assets.xcassets in Resources */ = {isa = PBXBuildFile; fileRef = 979BC96B256292460034A27F /* Assets.xcassets */; };
		979BC96F256292460034A27F /* LaunchScreen.storyboard in Resources */ = {isa = PBXBuildFile; fileRef = 979BC96D256292460034A27F /* LaunchScreen.storyboard */; };
		979BC97A256292460034A27F /* DigitalMediaHubRecruitmentTaskTests.swift in Sources */ = {isa = PBXBuildFile; fileRef = 979BC979256292460034A27F /* DigitalMediaHubRecruitmentTaskTests.swift */; };
		979BC985256292460034A27F /* DigitalMediaHubRecruitmentTaskUITests.swift in Sources */ = {isa = PBXBuildFile; fileRef = 979BC984256292460034A27F /* DigitalMediaHubRecruitmentTaskUITests.swift */; };
		97CFBD092562CE9A00EDE47E /* Station.swift in Sources */ = {isa = PBXBuildFile; fileRef = 97CFBD082562CE9A00EDE47E /* Station.swift */; };
		97CFBD0E2562CECA00EDE47E /* PlayHistoryItem.swift in Sources */ = {isa = PBXBuildFile; fileRef = 97CFBD0D2562CECA00EDE47E /* PlayHistoryItem.swift */; };
		97CFBD132562CED300EDE47E /* Track.swift in Sources */ = {isa = PBXBuildFile; fileRef = 97CFBD122562CED300EDE47E /* Track.swift */; };
/* End PBXBuildFile section */

/* Begin PBXContainerItemProxy section */
		979BC976256292460034A27F /* PBXContainerItemProxy */ = {
			isa = PBXContainerItemProxy;
			containerPortal = 979BC957256292450034A27F /* Project object */;
			proxyType = 1;
			remoteGlobalIDString = 979BC95E256292450034A27F;
			remoteInfo = DigitalMediaHubRecruitmentTask;
		};
		979BC981256292460034A27F /* PBXContainerItemProxy */ = {
			isa = PBXContainerItemProxy;
			containerPortal = 979BC957256292450034A27F /* Project object */;
			proxyType = 1;
			remoteGlobalIDString = 979BC95E256292450034A27F;
			remoteInfo = DigitalMediaHubRecruitmentTask;
		};
/* End PBXContainerItemProxy section */

/* Begin PBXFileReference section */
		979BC95F256292450034A27F /* DigitalMediaHubRecruitmentTask.app */ = {isa = PBXFileReference; explicitFileType = wrapper.application; includeInIndex = 0; path = DigitalMediaHubRecruitmentTask.app; sourceTree = BUILT_PRODUCTS_DIR; };
		979BC962256292450034A27F /* AppDelegate.swift */ = {isa = PBXFileReference; lastKnownFileType = sourcecode.swift; path = AppDelegate.swift; sourceTree = "<group>"; };
		979BC964256292450034A27F /* SceneDelegate.swift */ = {isa = PBXFileReference; lastKnownFileType = sourcecode.swift; path = SceneDelegate.swift; sourceTree = "<group>"; };
		979BC966256292450034A27F /* ViewController.swift */ = {isa = PBXFileReference; lastKnownFileType = sourcecode.swift; path = ViewController.swift; sourceTree = "<group>"; };
		979BC969256292450034A27F /* Base */ = {isa = PBXFileReference; lastKnownFileType = file.storyboard; name = Base; path = Base.lproj/Main.storyboard; sourceTree = "<group>"; };
		979BC96B256292460034A27F /* Assets.xcassets */ = {isa = PBXFileReference; lastKnownFileType = folder.assetcatalog; path = Assets.xcassets; sourceTree = "<group>"; };
		979BC96E256292460034A27F /* Base */ = {isa = PBXFileReference; lastKnownFileType = file.storyboard; name = Base; path = Base.lproj/LaunchScreen.storyboard; sourceTree = "<group>"; };
		979BC970256292460034A27F /* Info.plist */ = {isa = PBXFileReference; lastKnownFileType = text.plist.xml; path = Info.plist; sourceTree = "<group>"; };
		979BC975256292460034A27F /* DigitalMediaHubRecruitmentTaskTests.xctest */ = {isa = PBXFileReference; explicitFileType = wrapper.cfbundle; includeInIndex = 0; path = DigitalMediaHubRecruitmentTaskTests.xctest; sourceTree = BUILT_PRODUCTS_DIR; };
		979BC979256292460034A27F /* DigitalMediaHubRecruitmentTaskTests.swift */ = {isa = PBXFileReference; lastKnownFileType = sourcecode.swift; path = DigitalMediaHubRecruitmentTaskTests.swift; sourceTree = "<group>"; };
		979BC97B256292460034A27F /* Info.plist */ = {isa = PBXFileReference; lastKnownFileType = text.plist.xml; path = Info.plist; sourceTree = "<group>"; };
		979BC980256292460034A27F /* DigitalMediaHubRecruitmentTaskUITests.xctest */ = {isa = PBXFileReference; explicitFileType = wrapper.cfbundle; includeInIndex = 0; path = DigitalMediaHubRecruitmentTaskUITests.xctest; sourceTree = BUILT_PRODUCTS_DIR; };
		979BC984256292460034A27F /* DigitalMediaHubRecruitmentTaskUITests.swift */ = {isa = PBXFileReference; lastKnownFileType = sourcecode.swift; path = DigitalMediaHubRecruitmentTaskUITests.swift; sourceTree = "<group>"; };
		979BC986256292460034A27F /* Info.plist */ = {isa = PBXFileReference; lastKnownFileType = text.plist.xml; path = Info.plist; sourceTree = "<group>"; };
		97CFBD082562CE9A00EDE47E /* Station.swift */ = {isa = PBXFileReference; lastKnownFileType = sourcecode.swift; path = Station.swift; sourceTree = "<group>"; };
		97CFBD0D2562CECA00EDE47E /* PlayHistoryItem.swift */ = {isa = PBXFileReference; lastKnownFileType = sourcecode.swift; path = PlayHistoryItem.swift; sourceTree = "<group>"; };
		97CFBD122562CED300EDE47E /* Track.swift */ = {isa = PBXFileReference; lastKnownFileType = sourcecode.swift; path = Track.swift; sourceTree = "<group>"; };
/* End PBXFileReference section */

/* Begin PBXFrameworksBuildPhase section */
		979BC95C256292450034A27F /* Frameworks */ = {
			isa = PBXFrameworksBuildPhase;
			buildActionMask = 2147483647;
			files = (
			);
			runOnlyForDeploymentPostprocessing = 0;
		};
		979BC972256292460034A27F /* Frameworks */ = {
			isa = PBXFrameworksBuildPhase;
			buildActionMask = 2147483647;
			files = (
			);
			runOnlyForDeploymentPostprocessing = 0;
		};
		979BC97D256292460034A27F /* Frameworks */ = {
			isa = PBXFrameworksBuildPhase;
			buildActionMask = 2147483647;
			files = (
			);
			runOnlyForDeploymentPostprocessing = 0;
		};
/* End PBXFrameworksBuildPhase section */

/* Begin PBXGroup section */
		97273B222562CDE100D6645A /* Controllers */ = {
			isa = PBXGroup;
			children = (
				979BC966256292450034A27F /* ViewController.swift */,
			);
			path = Controllers;
			sourceTree = "<group>";
		};
		97273B232562CDE600D6645A /* Models */ = {
			isa = PBXGroup;
			children = (
				97CFBD082562CE9A00EDE47E /* Station.swift */,
				97CFBD0D2562CECA00EDE47E /* PlayHistoryItem.swift */,
				97CFBD122562CED300EDE47E /* Track.swift */,
			);
			path = Models;
			sourceTree = "<group>";
		};
		97273B242562CDEB00D6645A /* Managers */ = {
			isa = PBXGroup;
			children = (
			);
			path = Managers;
			sourceTree = "<group>";
		};
		97273B252562CDEF00D6645A /* Protocols */ = {
			isa = PBXGroup;
			children = (
			);
			path = Protocols;
			sourceTree = "<group>";
		};
		979BC956256292450034A27F = {
			isa = PBXGroup;
			children = (
				979BC961256292450034A27F /* DigitalMediaHubRecruitmentTask */,
				979BC978256292460034A27F /* DigitalMediaHubRecruitmentTaskTests */,
				979BC983256292460034A27F /* DigitalMediaHubRecruitmentTaskUITests */,
				979BC960256292450034A27F /* Products */,
			);
			sourceTree = "<group>";
		};
		979BC960256292450034A27F /* Products */ = {
			isa = PBXGroup;
			children = (
				979BC95F256292450034A27F /* DigitalMediaHubRecruitmentTask.app */,
				979BC975256292460034A27F /* DigitalMediaHubRecruitmentTaskTests.xctest */,
				979BC980256292460034A27F /* DigitalMediaHubRecruitmentTaskUITests.xctest */,
			);
			name = Products;
			sourceTree = "<group>";
		};
		979BC961256292450034A27F /* DigitalMediaHubRecruitmentTask */ = {
			isa = PBXGroup;
			children = (
				97273B222562CDE100D6645A /* Controllers */,
				97273B242562CDEB00D6645A /* Managers */,
				97273B232562CDE600D6645A /* Models */,
				97273B252562CDEF00D6645A /* Protocols */,
				979BC962256292450034A27F /* AppDelegate.swift */,
				979BC964256292450034A27F /* SceneDelegate.swift */,
				979BC968256292450034A27F /* Main.storyboard */,
				979BC96B256292460034A27F /* Assets.xcassets */,
				979BC96D256292460034A27F /* LaunchScreen.storyboard */,
				979BC970256292460034A27F /* Info.plist */,
			);
			path = DigitalMediaHubRecruitmentTask;
			sourceTree = "<group>";
		};
		979BC978256292460034A27F /* DigitalMediaHubRecruitmentTaskTests */ = {
			isa = PBXGroup;
			children = (
				979BC979256292460034A27F /* DigitalMediaHubRecruitmentTaskTests.swift */,
				979BC97B256292460034A27F /* Info.plist */,
			);
			path = DigitalMediaHubRecruitmentTaskTests;
			sourceTree = "<group>";
		};
		979BC983256292460034A27F /* DigitalMediaHubRecruitmentTaskUITests */ = {
			isa = PBXGroup;
			children = (
				979BC984256292460034A27F /* DigitalMediaHubRecruitmentTaskUITests.swift */,
				979BC986256292460034A27F /* Info.plist */,
			);
			path = DigitalMediaHubRecruitmentTaskUITests;
			sourceTree = "<group>";
		};
/* End PBXGroup section */

/* Begin PBXNativeTarget section */
		979BC95E256292450034A27F /* DigitalMediaHubRecruitmentTask */ = {
			isa = PBXNativeTarget;
			buildConfigurationList = 979BC989256292460034A27F /* Build configuration list for PBXNativeTarget "DigitalMediaHubRecruitmentTask" */;
			buildPhases = (
				979BC95B256292450034A27F /* Sources */,
				979BC95C256292450034A27F /* Frameworks */,
				979BC95D256292450034A27F /* Resources */,
			);
			buildRules = (
			);
			dependencies = (
			);
			name = DigitalMediaHubRecruitmentTask;
			productName = DigitalMediaHubRecruitmentTask;
			productReference = 979BC95F256292450034A27F /* DigitalMediaHubRecruitmentTask.app */;
			productType = "com.apple.product-type.application";
		};
		979BC974256292460034A27F /* DigitalMediaHubRecruitmentTaskTests */ = {
			isa = PBXNativeTarget;
			buildConfigurationList = 979BC98C256292460034A27F /* Build configuration list for PBXNativeTarget "DigitalMediaHubRecruitmentTaskTests" */;
			buildPhases = (
				979BC971256292460034A27F /* Sources */,
				979BC972256292460034A27F /* Frameworks */,
				979BC973256292460034A27F /* Resources */,
			);
			buildRules = (
			);
			dependencies = (
				979BC977256292460034A27F /* PBXTargetDependency */,
			);
			name = DigitalMediaHubRecruitmentTaskTests;
			productName = DigitalMediaHubRecruitmentTaskTests;
			productReference = 979BC975256292460034A27F /* DigitalMediaHubRecruitmentTaskTests.xctest */;
			productType = "com.apple.product-type.bundle.unit-test";
		};
		979BC97F256292460034A27F /* DigitalMediaHubRecruitmentTaskUITests */ = {
			isa = PBXNativeTarget;
			buildConfigurationList = 979BC98F256292460034A27F /* Build configuration list for PBXNativeTarget "DigitalMediaHubRecruitmentTaskUITests" */;
			buildPhases = (
				979BC97C256292460034A27F /* Sources */,
				979BC97D256292460034A27F /* Frameworks */,
				979BC97E256292460034A27F /* Resources */,
			);
			buildRules = (
			);
			dependencies = (
				979BC982256292460034A27F /* PBXTargetDependency */,
			);
			name = DigitalMediaHubRecruitmentTaskUITests;
			productName = DigitalMediaHubRecruitmentTaskUITests;
			productReference = 979BC980256292460034A27F /* DigitalMediaHubRecruitmentTaskUITests.xctest */;
			productType = "com.apple.product-type.bundle.ui-testing";
		};
/* End PBXNativeTarget section */

/* Begin PBXProject section */
		979BC957256292450034A27F /* Project object */ = {
			isa = PBXProject;
			attributes = {
				LastSwiftUpdateCheck = 1220;
				LastUpgradeCheck = 1220;
				TargetAttributes = {
					979BC95E256292450034A27F = {
						CreatedOnToolsVersion = 12.2;
					};
					979BC974256292460034A27F = {
						CreatedOnToolsVersion = 12.2;
						TestTargetID = 979BC95E256292450034A27F;
					};
					979BC97F256292460034A27F = {
						CreatedOnToolsVersion = 12.2;
						TestTargetID = 979BC95E256292450034A27F;
					};
				};
			};
			buildConfigurationList = 979BC95A256292450034A27F /* Build configuration list for PBXProject "DigitalMediaHubRecruitmentTask" */;
			compatibilityVersion = "Xcode 9.3";
			developmentRegion = en;
			hasScannedForEncodings = 0;
			knownRegions = (
				en,
				Base,
			);
			mainGroup = 979BC956256292450034A27F;
			productRefGroup = 979BC960256292450034A27F /* Products */;
			projectDirPath = "";
			projectRoot = "";
			targets = (
				979BC95E256292450034A27F /* DigitalMediaHubRecruitmentTask */,
				979BC974256292460034A27F /* DigitalMediaHubRecruitmentTaskTests */,
				979BC97F256292460034A27F /* DigitalMediaHubRecruitmentTaskUITests */,
			);
		};
/* End PBXProject section */

/* Begin PBXResourcesBuildPhase section */
		979BC95D256292450034A27F /* Resources */ = {
			isa = PBXResourcesBuildPhase;
			buildActionMask = 2147483647;
			files = (
				979BC96F256292460034A27F /* LaunchScreen.storyboard in Resources */,
				979BC96C256292460034A27F /* Assets.xcassets in Resources */,
				979BC96A256292450034A27F /* Main.storyboard in Resources */,
			);
			runOnlyForDeploymentPostprocessing = 0;
		};
		979BC973256292460034A27F /* Resources */ = {
			isa = PBXResourcesBuildPhase;
			buildActionMask = 2147483647;
			files = (
			);
			runOnlyForDeploymentPostprocessing = 0;
		};
		979BC97E256292460034A27F /* Resources */ = {
			isa = PBXResourcesBuildPhase;
			buildActionMask = 2147483647;
			files = (
			);
			runOnlyForDeploymentPostprocessing = 0;
		};
/* End PBXResourcesBuildPhase section */

/* Begin PBXSourcesBuildPhase section */
		979BC95B256292450034A27F /* Sources */ = {
			isa = PBXSourcesBuildPhase;
			buildActionMask = 2147483647;
			files = (
				979BC967256292450034A27F /* ViewController.swift in Sources */,
				979BC963256292450034A27F /* AppDelegate.swift in Sources */,
				97CFBD092562CE9A00EDE47E /* Station.swift in Sources */,
				979BC965256292450034A27F /* SceneDelegate.swift in Sources */,
				97CFBD0E2562CECA00EDE47E /* PlayHistoryItem.swift in Sources */,
				97CFBD132562CED300EDE47E /* Track.swift in Sources */,
			);
			runOnlyForDeploymentPostprocessing = 0;
		};
		979BC971256292460034A27F /* Sources */ = {
			isa = PBXSourcesBuildPhase;
			buildActionMask = 2147483647;
			files = (
				979BC97A256292460034A27F /* DigitalMediaHubRecruitmentTaskTests.swift in Sources */,
			);
			runOnlyForDeploymentPostprocessing = 0;
		};
		979BC97C256292460034A27F /* Sources */ = {
			isa = PBXSourcesBuildPhase;
			buildActionMask = 2147483647;
			files = (
				979BC985256292460034A27F /* DigitalMediaHubRecruitmentTaskUITests.swift in Sources */,
			);
			runOnlyForDeploymentPostprocessing = 0;
		};
/* End PBXSourcesBuildPhase section */

/* Begin PBXTargetDependency section */
		979BC977256292460034A27F /* PBXTargetDependency */ = {
			isa = PBXTargetDependency;
			target = 979BC95E256292450034A27F /* DigitalMediaHubRecruitmentTask */;
			targetProxy = 979BC976256292460034A27F /* PBXContainerItemProxy */;
		};
		979BC982256292460034A27F /* PBXTargetDependency */ = {
			isa = PBXTargetDependency;
			target = 979BC95E256292450034A27F /* DigitalMediaHubRecruitmentTask */;
			targetProxy = 979BC981256292460034A27F /* PBXContainerItemProxy */;
		};
/* End PBXTargetDependency section */

/* Begin PBXVariantGroup section */
		979BC968256292450034A27F /* Main.storyboard */ = {
			isa = PBXVariantGroup;
			children = (
				979BC969256292450034A27F /* Base */,
			);
			name = Main.storyboard;
			sourceTree = "<group>";
		};
		979BC96D256292460034A27F /* LaunchScreen.storyboard */ = {
			isa = PBXVariantGroup;
			children = (
				979BC96E256292460034A27F /* Base */,
			);
			name = LaunchScreen.storyboard;
			sourceTree = "<group>";
		};
/* End PBXVariantGroup section */

/* Begin XCBuildConfiguration section */
		979BC987256292460034A27F /* Debug */ = {
			isa = XCBuildConfiguration;
			buildSettings = {
				ALWAYS_SEARCH_USER_PATHS = NO;
				CLANG_ANALYZER_NONNULL = YES;
				CLANG_ANALYZER_NUMBER_OBJECT_CONVERSION = YES_AGGRESSIVE;
				CLANG_CXX_LANGUAGE_STANDARD = "gnu++14";
				CLANG_CXX_LIBRARY = "libc++";
				CLANG_ENABLE_MODULES = YES;
				CLANG_ENABLE_OBJC_ARC = YES;
				CLANG_ENABLE_OBJC_WEAK = YES;
				CLANG_WARN_BLOCK_CAPTURE_AUTORELEASING = YES;
				CLANG_WARN_BOOL_CONVERSION = YES;
				CLANG_WARN_COMMA = YES;
				CLANG_WARN_CONSTANT_CONVERSION = YES;
				CLANG_WARN_DEPRECATED_OBJC_IMPLEMENTATIONS = YES;
				CLANG_WARN_DIRECT_OBJC_ISA_USAGE = YES_ERROR;
				CLANG_WARN_DOCUMENTATION_COMMENTS = YES;
				CLANG_WARN_EMPTY_BODY = YES;
				CLANG_WARN_ENUM_CONVERSION = YES;
				CLANG_WARN_INFINITE_RECURSION = YES;
				CLANG_WARN_INT_CONVERSION = YES;
				CLANG_WARN_NON_LITERAL_NULL_CONVERSION = YES;
				CLANG_WARN_OBJC_IMPLICIT_RETAIN_SELF = YES;
				CLANG_WARN_OBJC_LITERAL_CONVERSION = YES;
				CLANG_WARN_OBJC_ROOT_CLASS = YES_ERROR;
				CLANG_WARN_QUOTED_INCLUDE_IN_FRAMEWORK_HEADER = YES;
				CLANG_WARN_RANGE_LOOP_ANALYSIS = YES;
				CLANG_WARN_STRICT_PROTOTYPES = YES;
				CLANG_WARN_SUSPICIOUS_MOVE = YES;
				CLANG_WARN_UNGUARDED_AVAILABILITY = YES_AGGRESSIVE;
				CLANG_WARN_UNREACHABLE_CODE = YES;
				CLANG_WARN__DUPLICATE_METHOD_MATCH = YES;
				COPY_PHASE_STRIP = NO;
				DEBUG_INFORMATION_FORMAT = dwarf;
				ENABLE_STRICT_OBJC_MSGSEND = YES;
				ENABLE_TESTABILITY = YES;
				GCC_C_LANGUAGE_STANDARD = gnu11;
				GCC_DYNAMIC_NO_PIC = NO;
				GCC_NO_COMMON_BLOCKS = YES;
				GCC_OPTIMIZATION_LEVEL = 0;
				GCC_PREPROCESSOR_DEFINITIONS = (
					"DEBUG=1",
					"$(inherited)",
				);
				GCC_WARN_64_TO_32_BIT_CONVERSION = YES;
				GCC_WARN_ABOUT_RETURN_TYPE = YES_ERROR;
				GCC_WARN_UNDECLARED_SELECTOR = YES;
				GCC_WARN_UNINITIALIZED_AUTOS = YES_AGGRESSIVE;
				GCC_WARN_UNUSED_FUNCTION = YES;
				GCC_WARN_UNUSED_VARIABLE = YES;
				IPHONEOS_DEPLOYMENT_TARGET = 14.2;
				MTL_ENABLE_DEBUG_INFO = INCLUDE_SOURCE;
				MTL_FAST_MATH = YES;
				ONLY_ACTIVE_ARCH = YES;
				SDKROOT = iphoneos;
				SWIFT_ACTIVE_COMPILATION_CONDITIONS = DEBUG;
				SWIFT_OPTIMIZATION_LEVEL = "-Onone";
			};
			name = Debug;
		};
		979BC988256292460034A27F /* Release */ = {
			isa = XCBuildConfiguration;
			buildSettings = {
				ALWAYS_SEARCH_USER_PATHS = NO;
				CLANG_ANALYZER_NONNULL = YES;
				CLANG_ANALYZER_NUMBER_OBJECT_CONVERSION = YES_AGGRESSIVE;
				CLANG_CXX_LANGUAGE_STANDARD = "gnu++14";
				CLANG_CXX_LIBRARY = "libc++";
				CLANG_ENABLE_MODULES = YES;
				CLANG_ENABLE_OBJC_ARC = YES;
				CLANG_ENABLE_OBJC_WEAK = YES;
				CLANG_WARN_BLOCK_CAPTURE_AUTORELEASING = YES;
				CLANG_WARN_BOOL_CONVERSION = YES;
				CLANG_WARN_COMMA = YES;
				CLANG_WARN_CONSTANT_CONVERSION = YES;
				CLANG_WARN_DEPRECATED_OBJC_IMPLEMENTATIONS = YES;
				CLANG_WARN_DIRECT_OBJC_ISA_USAGE = YES_ERROR;
				CLANG_WARN_DOCUMENTATION_COMMENTS = YES;
				CLANG_WARN_EMPTY_BODY = YES;
				CLANG_WARN_ENUM_CONVERSION = YES;
				CLANG_WARN_INFINITE_RECURSION = YES;
				CLANG_WARN_INT_CONVERSION = YES;
				CLANG_WARN_NON_LITERAL_NULL_CONVERSION = YES;
				CLANG_WARN_OBJC_IMPLICIT_RETAIN_SELF = YES;
				CLANG_WARN_OBJC_LITERAL_CONVERSION = YES;
				CLANG_WARN_OBJC_ROOT_CLASS = YES_ERROR;
				CLANG_WARN_QUOTED_INCLUDE_IN_FRAMEWORK_HEADER = YES;
				CLANG_WARN_RANGE_LOOP_ANALYSIS = YES;
				CLANG_WARN_STRICT_PROTOTYPES = YES;
				CLANG_WARN_SUSPICIOUS_MOVE = YES;
				CLANG_WARN_UNGUARDED_AVAILABILITY = YES_AGGRESSIVE;
				CLANG_WARN_UNREACHABLE_CODE = YES;
				CLANG_WARN__DUPLICATE_METHOD_MATCH = YES;
				COPY_PHASE_STRIP = NO;
				DEBUG_INFORMATION_FORMAT = "dwarf-with-dsym";
				ENABLE_NS_ASSERTIONS = NO;
				ENABLE_STRICT_OBJC_MSGSEND = YES;
				GCC_C_LANGUAGE_STANDARD = gnu11;
				GCC_NO_COMMON_BLOCKS = YES;
				GCC_WARN_64_TO_32_BIT_CONVERSION = YES;
				GCC_WARN_ABOUT_RETURN_TYPE = YES_ERROR;
				GCC_WARN_UNDECLARED_SELECTOR = YES;
				GCC_WARN_UNINITIALIZED_AUTOS = YES_AGGRESSIVE;
				GCC_WARN_UNUSED_FUNCTION = YES;
				GCC_WARN_UNUSED_VARIABLE = YES;
				IPHONEOS_DEPLOYMENT_TARGET = 14.2;
				MTL_ENABLE_DEBUG_INFO = NO;
				MTL_FAST_MATH = YES;
				SDKROOT = iphoneos;
				SWIFT_COMPILATION_MODE = wholemodule;
				SWIFT_OPTIMIZATION_LEVEL = "-O";
				VALIDATE_PRODUCT = YES;
			};
			name = Release;
		};
		979BC98A256292460034A27F /* Debug */ = {
			isa = XCBuildConfiguration;
			buildSettings = {
				ASSETCATALOG_COMPILER_APPICON_NAME = AppIcon;
				ASSETCATALOG_COMPILER_GLOBAL_ACCENT_COLOR_NAME = AccentColor;
				CODE_SIGN_STYLE = Automatic;
				DEVELOPMENT_TEAM = QCNU46SB92;
				INFOPLIST_FILE = DigitalMediaHubRecruitmentTask/Info.plist;
				LD_RUNPATH_SEARCH_PATHS = (
					"$(inherited)",
					"@executable_path/Frameworks",
				);
				PRODUCT_BUNDLE_IDENTIFIER = com.paszek.DigitalMediaHubRecruitmentTask;
				PRODUCT_NAME = "$(TARGET_NAME)";
				SWIFT_VERSION = 5.0;
				TARGETED_DEVICE_FAMILY = "1,2";
			};
			name = Debug;
		};
		979BC98B256292460034A27F /* Release */ = {
			isa = XCBuildConfiguration;
			buildSettings = {
				ASSETCATALOG_COMPILER_APPICON_NAME = AppIcon;
				ASSETCATALOG_COMPILER_GLOBAL_ACCENT_COLOR_NAME = AccentColor;
				CODE_SIGN_STYLE = Automatic;
				DEVELOPMENT_TEAM = QCNU46SB92;
				INFOPLIST_FILE = DigitalMediaHubRecruitmentTask/Info.plist;
				LD_RUNPATH_SEARCH_PATHS = (
					"$(inherited)",
					"@executable_path/Frameworks",
				);
				PRODUCT_BUNDLE_IDENTIFIER = com.paszek.DigitalMediaHubRecruitmentTask;
				PRODUCT_NAME = "$(TARGET_NAME)";
				SWIFT_VERSION = 5.0;
				TARGETED_DEVICE_FAMILY = "1,2";
			};
			name = Release;
		};
		979BC98D256292460034A27F /* Debug */ = {
			isa = XCBuildConfiguration;
			buildSettings = {
				ALWAYS_EMBED_SWIFT_STANDARD_LIBRARIES = YES;
				BUNDLE_LOADER = "$(TEST_HOST)";
				CODE_SIGN_STYLE = Automatic;
				DEVELOPMENT_TEAM = QCNU46SB92;
				INFOPLIST_FILE = DigitalMediaHubRecruitmentTaskTests/Info.plist;
				IPHONEOS_DEPLOYMENT_TARGET = 14.2;
				LD_RUNPATH_SEARCH_PATHS = (
					"$(inherited)",
					"@executable_path/Frameworks",
					"@loader_path/Frameworks",
				);
				PRODUCT_BUNDLE_IDENTIFIER = com.paszek.DigitalMediaHubRecruitmentTaskTests;
				PRODUCT_NAME = "$(TARGET_NAME)";
				SWIFT_VERSION = 5.0;
				TARGETED_DEVICE_FAMILY = "1,2";
				TEST_HOST = "$(BUILT_PRODUCTS_DIR)/DigitalMediaHubRecruitmentTask.app/DigitalMediaHubRecruitmentTask";
			};
			name = Debug;
		};
		979BC98E256292460034A27F /* Release */ = {
			isa = XCBuildConfiguration;
			buildSettings = {
				ALWAYS_EMBED_SWIFT_STANDARD_LIBRARIES = YES;
				BUNDLE_LOADER = "$(TEST_HOST)";
				CODE_SIGN_STYLE = Automatic;
				DEVELOPMENT_TEAM = QCNU46SB92;
				INFOPLIST_FILE = DigitalMediaHubRecruitmentTaskTests/Info.plist;
				IPHONEOS_DEPLOYMENT_TARGET = 14.2;
				LD_RUNPATH_SEARCH_PATHS = (
					"$(inherited)",
					"@executable_path/Frameworks",
					"@loader_path/Frameworks",
				);
				PRODUCT_BUNDLE_IDENTIFIER = com.paszek.DigitalMediaHubRecruitmentTaskTests;
				PRODUCT_NAME = "$(TARGET_NAME)";
				SWIFT_VERSION = 5.0;
				TARGETED_DEVICE_FAMILY = "1,2";
				TEST_HOST = "$(BUILT_PRODUCTS_DIR)/DigitalMediaHubRecruitmentTask.app/DigitalMediaHubRecruitmentTask";
			};
			name = Release;
		};
		979BC990256292460034A27F /* Debug */ = {
			isa = XCBuildConfiguration;
			buildSettings = {
				ALWAYS_EMBED_SWIFT_STANDARD_LIBRARIES = YES;
				CODE_SIGN_STYLE = Automatic;
				DEVELOPMENT_TEAM = QCNU46SB92;
				INFOPLIST_FILE = DigitalMediaHubRecruitmentTaskUITests/Info.plist;
				LD_RUNPATH_SEARCH_PATHS = (
					"$(inherited)",
					"@executable_path/Frameworks",
					"@loader_path/Frameworks",
				);
				PRODUCT_BUNDLE_IDENTIFIER = com.paszek.DigitalMediaHubRecruitmentTaskUITests;
				PRODUCT_NAME = "$(TARGET_NAME)";
				SWIFT_VERSION = 5.0;
				TARGETED_DEVICE_FAMILY = "1,2";
				TEST_TARGET_NAME = DigitalMediaHubRecruitmentTask;
			};
			name = Debug;
		};
		979BC991256292460034A27F /* Release */ = {
			isa = XCBuildConfiguration;
			buildSettings = {
				ALWAYS_EMBED_SWIFT_STANDARD_LIBRARIES = YES;
				CODE_SIGN_STYLE = Automatic;
				DEVELOPMENT_TEAM = QCNU46SB92;
				INFOPLIST_FILE = DigitalMediaHubRecruitmentTaskUITests/Info.plist;
				LD_RUNPATH_SEARCH_PATHS = (
					"$(inherited)",
					"@executable_path/Frameworks",
					"@loader_path/Frameworks",
				);
				PRODUCT_BUNDLE_IDENTIFIER = com.paszek.DigitalMediaHubRecruitmentTaskUITests;
				PRODUCT_NAME = "$(TARGET_NAME)";
				SWIFT_VERSION = 5.0;
				TARGETED_DEVICE_FAMILY = "1,2";
				TEST_TARGET_NAME = DigitalMediaHubRecruitmentTask;
			};
			name = Release;
		};
/* End XCBuildConfiguration section */

/* Begin XCConfigurationList section */
		979BC95A256292450034A27F /* Build configuration list for PBXProject "DigitalMediaHubRecruitmentTask" */ = {
			isa = XCConfigurationList;
			buildConfigurations = (
				979BC987256292460034A27F /* Debug */,
				979BC988256292460034A27F /* Release */,
			);
			defaultConfigurationIsVisible = 0;
			defaultConfigurationName = Release;
		};
		979BC989256292460034A27F /* Build configuration list for PBXNativeTarget "DigitalMediaHubRecruitmentTask" */ = {
			isa = XCConfigurationList;
			buildConfigurations = (
				979BC98A256292460034A27F /* Debug */,
				979BC98B256292460034A27F /* Release */,
			);
			defaultConfigurationIsVisible = 0;
			defaultConfigurationName = Release;
		};
		979BC98C256292460034A27F /* Build configuration list for PBXNativeTarget "DigitalMediaHubRecruitmentTaskTests" */ = {
			isa = XCConfigurationList;
			buildConfigurations = (
				979BC98D256292460034A27F /* Debug */,
				979BC98E256292460034A27F /* Release */,
			);
			defaultConfigurationIsVisible = 0;
			defaultConfigurationName = Release;
		};
		979BC98F256292460034A27F /* Build configuration list for PBXNativeTarget "DigitalMediaHubRecruitmentTaskUITests" */ = {
			isa = XCConfigurationList;
			buildConfigurations = (
				979BC990256292460034A27F /* Debug */,
				979BC991256292460034A27F /* Release */,
			);
			defaultConfigurationIsVisible = 0;
			defaultConfigurationName = Release;
		};
/* End XCConfigurationList section */
	};
	rootObject = 979BC957256292450034A27F /* Project object */;
}
